
Microsoft Visual Studio Solution File, Format Version 12.00
# Visual Studio 15
VisualStudioVersion = 15.0.27428.2015
MinimumVisualStudioVersion = 10.0.40219.1
Project("{FAE04EC0-301F-11D3-BF4B-00C04F79EFBC}") = "RezervasyonProje", "RezervasyonProje\RezervasyonProje.csproj", "{67636375-0D6D-4801-BAC5-BAF2A9D2DC57}"
EndProject
Global
	GlobalSection(SolutionConfigurationPlatforms) = preSolution
		Debug|Any CPU = Debug|Any CPU
		Release|Any CPU = Release|Any CPU
	EndGlobalSection
	GlobalSection(ProjectConfigurationPlatforms) = postSolution
		{67636375-0D6D-4801-BAC5-BAF2A9D2DC57}.Debug|Any CPU.ActiveCfg = Debug|Any CPU
		{67636375-0D6D-4801-BAC5-BAF2A9D2DC57}.Debug|Any CPU.Build.0 = Debug|Any CPU
		{67636375-0D6D-4801-BAC5-BAF2A9D2DC57}.Release|Any CPU.ActiveCfg = Release|Any CPU
		{67636375-0D6D-4801-BAC5-BAF2A9D2DC57}.Release|Any CPU.Build.0 = Release|Any CPU
	EndGlobalSection
	GlobalSection(SolutionProperties) = preSolution
		HideSolutionNode = FALSE
	EndGlobalSection
	GlobalSection(ExtensibilityGlobals) = postSolution
		SolutionGuid = {01A5E198-5722-4586-B1E2-DEE54BC29EFF}
	EndGlobalSection
EndGlobal
